
Microsoft Visual Studio Solution File, Format Version 12.00
# Visual Studio 14
VisualStudioVersion = 14.0.25420.1
MinimumVisualStudioVersion = 10.0.40219.1
Project("{FAE04EC0-301F-11D3-BF4B-00C04F79EFBC}") = "Bidme.MVC.Web", "Bidme.MVC.Web\Bidme.MVC.Web.csproj", "{AE9622C2-DF2E-4A22-90E2-03CB55B42094}"
EndProject
Project("{00D1A9C2-B5F0-4AF3-8072-F6C62B433612}") = "Bidme.Database", "Bidme.Database\Bidme.Database.sqlproj", "{596C6DCB-395B-4978-AB8A-37C2A3790D5E}"
EndProject
Project("{FAE04EC0-301F-11D3-BF4B-00C04F79EFBC}") = "Bidme.Dominio", "Bidme.Dominio\Bidme.Dominio.csproj", "{6316C560-6397-4876-8EB9-06B9786E92D7}"
EndProject
Project("{FAE04EC0-301F-11D3-BF4B-00C04F79EFBC}") = "Bidme.Persistencia", "Bidme.Persistencia\Bidme.Persistencia.csproj", "{9D79F9DF-A615-4B79-B18E-5DAE1B51DDC3}"
EndProject
Project("{FAE04EC0-301F-11D3-BF4B-00C04F79EFBC}") = "Bidme.Service", "Bidme.Service\Bidme.Service.csproj", "{CC694BD9-08A4-4908-8094-4D331ABB5BAC}"
EndProject
Global
	GlobalSection(SolutionConfigurationPlatforms) = preSolution
		Debug|Any CPU = Debug|Any CPU
		Release|Any CPU = Release|Any CPU
	EndGlobalSection
	GlobalSection(ProjectConfigurationPlatforms) = postSolution
		{AE9622C2-DF2E-4A22-90E2-03CB55B42094}.Debug|Any CPU.ActiveCfg = Debug|Any CPU
		{AE9622C2-DF2E-4A22-90E2-03CB55B42094}.Debug|Any CPU.Build.0 = Debug|Any CPU
		{AE9622C2-DF2E-4A22-90E2-03CB55B42094}.Release|Any CPU.ActiveCfg = Release|Any CPU
		{AE9622C2-DF2E-4A22-90E2-03CB55B42094}.Release|Any CPU.Build.0 = Release|Any CPU
		{596C6DCB-395B-4978-AB8A-37C2A3790D5E}.Debug|Any CPU.ActiveCfg = Debug|Any CPU
		{596C6DCB-395B-4978-AB8A-37C2A3790D5E}.Debug|Any CPU.Build.0 = Debug|Any CPU
		{596C6DCB-395B-4978-AB8A-37C2A3790D5E}.Debug|Any CPU.Deploy.0 = Debug|Any CPU
		{596C6DCB-395B-4978-AB8A-37C2A3790D5E}.Release|Any CPU.ActiveCfg = Release|Any CPU
		{596C6DCB-395B-4978-AB8A-37C2A3790D5E}.Release|Any CPU.Build.0 = Release|Any CPU
		{596C6DCB-395B-4978-AB8A-37C2A3790D5E}.Release|Any CPU.Deploy.0 = Release|Any CPU
		{6316C560-6397-4876-8EB9-06B9786E92D7}.Debug|Any CPU.ActiveCfg = Debug|Any CPU
		{6316C560-6397-4876-8EB9-06B9786E92D7}.Debug|Any CPU.Build.0 = Debug|Any CPU
		{6316C560-6397-4876-8EB9-06B9786E92D7}.Release|Any CPU.ActiveCfg = Release|Any CPU
		{6316C560-6397-4876-8EB9-06B9786E92D7}.Release|Any CPU.Build.0 = Release|Any CPU
		{9D79F9DF-A615-4B79-B18E-5DAE1B51DDC3}.Debug|Any CPU.ActiveCfg = Debug|Any CPU
		{9D79F9DF-A615-4B79-B18E-5DAE1B51DDC3}.Debug|Any CPU.Build.0 = Debug|Any CPU
		{9D79F9DF-A615-4B79-B18E-5DAE1B51DDC3}.Release|Any CPU.ActiveCfg = Release|Any CPU
		{9D79F9DF-A615-4B79-B18E-5DAE1B51DDC3}.Release|Any CPU.Build.0 = Release|Any CPU
		{CC694BD9-08A4-4908-8094-4D331ABB5BAC}.Debug|Any CPU.ActiveCfg = Debug|Any CPU
		{CC694BD9-08A4-4908-8094-4D331ABB5BAC}.Debug|Any CPU.Build.0 = Debug|Any CPU
		{CC694BD9-08A4-4908-8094-4D331ABB5BAC}.Release|Any CPU.ActiveCfg = Release|Any CPU
		{CC694BD9-08A4-4908-8094-4D331ABB5BAC}.Release|Any CPU.Build.0 = Release|Any CPU
	EndGlobalSection
	GlobalSection(SolutionProperties) = preSolution
		HideSolutionNode = FALSE
	EndGlobalSection
EndGlobal
